// !$*UTF8*$!
{
	archiveVersion = 1;
	classes = {
	};
	objectVersion = 56;
	objects = {

/* Begin PBXBuildFile section */
		FA0F4B2329D37A5800D7BB25 /* MapView.swift in Sources */ = {isa = PBXBuildFile; fileRef = FA0F4B2229D37A5800D7BB25 /* MapView.swift */; };
		FA0F4B2529D3845400D7BB25 /* MapViewModel.swift in Sources */ = {isa = PBXBuildFile; fileRef = FA0F4B2429D3845400D7BB25 /* MapViewModel.swift */; };
		FA0F4B2729D3848C00D7BB25 /* MapKitWrapper.swift in Sources */ = {isa = PBXBuildFile; fileRef = FA0F4B2629D3848C00D7BB25 /* MapKitWrapper.swift */; };
		FA3B891B29D3875D0050C452 /* MapViewContainer.swift in Sources */ = {isa = PBXBuildFile; fileRef = FA3B891A29D3875D0050C452 /* MapViewContainer.swift */; };
		FA3B891E29D4E6E50050C452 /* LocationManager.swift in Sources */ = {isa = PBXBuildFile; fileRef = FA3B891D29D4E6E50050C452 /* LocationManager.swift */; };
		FA3B892229D4F51C0050C452 /* SearchBar.swift in Sources */ = {isa = PBXBuildFile; fileRef = FA3B892129D4F51C0050C452 /* SearchBar.swift */; };
		FA3B892429D5205A0050C452 /* CardView.swift in Sources */ = {isa = PBXBuildFile; fileRef = FA3B892329D5205A0050C452 /* CardView.swift */; };
		FA3B892629D520890050C452 /* SwipeableCardView.swift in Sources */ = {isa = PBXBuildFile; fileRef = FA3B892529D520890050C452 /* SwipeableCardView.swift */; };
		FA3C2EC8298E32B900C5C99D /* MapKitTestApp.swift in Sources */ = {isa = PBXBuildFile; fileRef = FA3C2EC7298E32B900C5C99D /* MapKitTestApp.swift */; };
		FA3C2ECA298E32B900C5C99D /* ContentView.swift in Sources */ = {isa = PBXBuildFile; fileRef = FA3C2EC9298E32B900C5C99D /* ContentView.swift */; };
		FA3C2ECC298E32BB00C5C99D /* Assets.xcassets in Resources */ = {isa = PBXBuildFile; fileRef = FA3C2ECB298E32BB00C5C99D /* Assets.xcassets */; };
		FA3C2ED0298E32BB00C5C99D /* Preview Assets.xcassets in Resources */ = {isa = PBXBuildFile; fileRef = FA3C2ECF298E32BB00C5C99D /* Preview Assets.xcassets */; };
/* End PBXBuildFile section */

/* Begin PBXFileReference section */
		FA0F4B2229D37A5800D7BB25 /* MapView.swift */ = {isa = PBXFileReference; lastKnownFileType = sourcecode.swift; path = MapView.swift; sourceTree = "<group>"; };
		FA0F4B2429D3845400D7BB25 /* MapViewModel.swift */ = {isa = PBXFileReference; lastKnownFileType = sourcecode.swift; path = MapViewModel.swift; sourceTree = "<group>"; };
		FA0F4B2629D3848C00D7BB25 /* MapKitWrapper.swift */ = {isa = PBXFileReference; lastKnownFileType = sourcecode.swift; path = MapKitWrapper.swift; sourceTree = "<group>"; };
		FA3B891A29D3875D0050C452 /* MapViewContainer.swift */ = {isa = PBXFileReference; lastKnownFileType = sourcecode.swift; path = MapViewContainer.swift; sourceTree = "<group>"; };
		FA3B891D29D4E6E50050C452 /* LocationManager.swift */ = {isa = PBXFileReference; lastKnownFileType = sourcecode.swift; path = LocationManager.swift; sourceTree = "<group>"; };
		FA3B891F29D4E8830050C452 /* Info.plist */ = {isa = PBXFileReference; lastKnownFileType = text.plist; path = Info.plist; sourceTree = "<group>"; };
		FA3B892129D4F51C0050C452 /* SearchBar.swift */ = {isa = PBXFileReference; lastKnownFileType = sourcecode.swift; path = SearchBar.swift; sourceTree = "<group>"; };
		FA3B892329D5205A0050C452 /* CardView.swift */ = {isa = PBXFileReference; lastKnownFileType = sourcecode.swift; path = CardView.swift; sourceTree = "<group>"; };
		FA3B892529D520890050C452 /* SwipeableCardView.swift */ = {isa = PBXFileReference; lastKnownFileType = sourcecode.swift; path = SwipeableCardView.swift; sourceTree = "<group>"; };
		FA3C2EC4298E32B900C5C99D /* MapKitTest.app */ = {isa = PBXFileReference; explicitFileType = wrapper.application; includeInIndex = 0; path = MapKitTest.app; sourceTree = BUILT_PRODUCTS_DIR; };
		FA3C2EC7298E32B900C5C99D /* MapKitTestApp.swift */ = {isa = PBXFileReference; lastKnownFileType = sourcecode.swift; path = MapKitTestApp.swift; sourceTree = "<group>"; };
		FA3C2EC9298E32B900C5C99D /* ContentView.swift */ = {isa = PBXFileReference; lastKnownFileType = sourcecode.swift; path = ContentView.swift; sourceTree = "<group>"; };
		FA3C2ECB298E32BB00C5C99D /* Assets.xcassets */ = {isa = PBXFileReference; lastKnownFileType = folder.assetcatalog; path = Assets.xcassets; sourceTree = "<group>"; };
		FA3C2ECD298E32BB00C5C99D /* MapKitTest.entitlements */ = {isa = PBXFileReference; lastKnownFileType = text.plist.entitlements; path = MapKitTest.entitlements; sourceTree = "<group>"; };
		FA3C2ECF298E32BB00C5C99D /* Preview Assets.xcassets */ = {isa = PBXFileReference; lastKnownFileType = folder.assetcatalog; path = "Preview Assets.xcassets"; sourceTree = "<group>"; };
/* End PBXFileReference section */

/* Begin PBXFrameworksBuildPhase section */
		FA3C2EC1298E32B900C5C99D /* Frameworks */ = {
			isa = PBXFrameworksBuildPhase;
			buildActionMask = 2147483647;
			files = (
			);
			runOnlyForDeploymentPostprocessing = 0;
		};
/* End PBXFrameworksBuildPhase section */

/* Begin PBXGroup section */
		FA3B891929D385C60050C452 /* Map */ = {
			isa = PBXGroup;
			children = (
				FA0F4B2229D37A5800D7BB25 /* MapView.swift */,
				FA0F4B2629D3848C00D7BB25 /* MapKitWrapper.swift */,
				FA0F4B2429D3845400D7BB25 /* MapViewModel.swift */,
				FA3C2EC7298E32B900C5C99D /* MapKitTestApp.swift */,
				FA3B891A29D3875D0050C452 /* MapViewContainer.swift */,
				FA3B891D29D4E6E50050C452 /* LocationManager.swift */,
			);
			path = Map;
			sourceTree = "<group>";
		};
		FA3B892029D4F50A0050C452 /* Views */ = {
			isa = PBXGroup;
			children = (
				FA3B892129D4F51C0050C452 /* SearchBar.swift */,
				FA3B892329D5205A0050C452 /* CardView.swift */,
				FA3B892529D520890050C452 /* SwipeableCardView.swift */,
			);
			path = Views;
			sourceTree = "<group>";
		};
		FA3C2EBB298E32B900C5C99D = {
			isa = PBXGroup;
			children = (
				FA3C2EC6298E32B900C5C99D /* MapKitTest */,
				FA3C2EC5298E32B900C5C99D /* Products */,
			);
			sourceTree = "<group>";
		};
		FA3C2EC5298E32B900C5C99D /* Products */ = {
			isa = PBXGroup;
			children = (
				FA3C2EC4298E32B900C5C99D /* MapKitTest.app */,
			);
			name = Products;
			sourceTree = "<group>";
		};
		FA3C2EC6298E32B900C5C99D /* MapKitTest */ = {
			isa = PBXGroup;
			children = (
				FA3B892029D4F50A0050C452 /* Views */,
				FA3B891F29D4E8830050C452 /* Info.plist */,
				FA3B891929D385C60050C452 /* Map */,
				FA3C2EC9298E32B900C5C99D /* ContentView.swift */,
				FA3C2ECB298E32BB00C5C99D /* Assets.xcassets */,
				FA3C2ECD298E32BB00C5C99D /* MapKitTest.entitlements */,
				FA3C2ECE298E32BB00C5C99D /* Preview Content */,
			);
			path = MapKitTest;
			sourceTree = "<group>";
		};
		FA3C2ECE298E32BB00C5C99D /* Preview Content */ = {
			isa = PBXGroup;
			children = (
				FA3C2ECF298E32BB00C5C99D /* Preview Assets.xcassets */,
			);
			path = "Preview Content";
			sourceTree = "<group>";
		};
/* End PBXGroup section */

/* Begin PBXNativeTarget section */
		FA3C2EC3298E32B900C5C99D /* MapKitTest */ = {
			isa = PBXNativeTarget;
			buildConfigurationList = FA3C2ED3298E32BB00C5C99D /* Build configuration list for PBXNativeTarget "MapKitTest" */;
			buildPhases = (
				FA3C2EC0298E32B900C5C99D /* Sources */,
				FA3C2EC1298E32B900C5C99D /* Frameworks */,
				FA3C2EC2298E32B900C5C99D /* Resources */,
			);
			buildRules = (
			);
			dependencies = (
			);
			name = MapKitTest;
			productName = MapKitTest;
			productReference = FA3C2EC4298E32B900C5C99D /* MapKitTest.app */;
			productType = "com.apple.product-type.application";
		};
/* End PBXNativeTarget section */

/* Begin PBXProject section */
		FA3C2EBC298E32B900C5C99D /* Project object */ = {
			isa = PBXProject;
			attributes = {
				BuildIndependentTargetsInParallel = 1;
				LastSwiftUpdateCheck = 1420;
				LastUpgradeCheck = 1420;
				TargetAttributes = {
					FA3C2EC3298E32B900C5C99D = {
						CreatedOnToolsVersion = 14.2;
					};
				};
			};
			buildConfigurationList = FA3C2EBF298E32B900C5C99D /* Build configuration list for PBXProject "MapKitTest" */;
			compatibilityVersion = "Xcode 14.0";
			developmentRegion = en;
			hasScannedForEncodings = 0;
			knownRegions = (
				en,
				Base,
			);
			mainGroup = FA3C2EBB298E32B900C5C99D;
			productRefGroup = FA3C2EC5298E32B900C5C99D /* Products */;
			projectDirPath = "";
			projectRoot = "";
			targets = (
				FA3C2EC3298E32B900C5C99D /* MapKitTest */,
			);
		};
/* End PBXProject section */

/* Begin PBXResourcesBuildPhase section */
		FA3C2EC2298E32B900C5C99D /* Resources */ = {
			isa = PBXResourcesBuildPhase;
			buildActionMask = 2147483647;
			files = (
				FA3C2ED0298E32BB00C5C99D /* Preview Assets.xcassets in Resources */,
				FA3C2ECC298E32BB00C5C99D /* Assets.xcassets in Resources */,
			);
			runOnlyForDeploymentPostprocessing = 0;
		};
/* End PBXResourcesBuildPhase section */

/* Begin PBXSourcesBuildPhase section */
		FA3C2EC0298E32B900C5C99D /* Sources */ = {
			isa = PBXSourcesBuildPhase;
			buildActionMask = 2147483647;
			files = (
				FA3C2ECA298E32B900C5C99D /* ContentView.swift in Sources */,
				FA3B892429D5205A0050C452 /* CardView.swift in Sources */,
				FA0F4B2729D3848C00D7BB25 /* MapKitWrapper.swift in Sources */,
				FA0F4B2329D37A5800D7BB25 /* MapView.swift in Sources */,
				FA3B891E29D4E6E50050C452 /* LocationManager.swift in Sources */,
				FA3C2EC8298E32B900C5C99D /* MapKitTestApp.swift in Sources */,
				FA3B892229D4F51C0050C452 /* SearchBar.swift in Sources */,
				FA0F4B2529D3845400D7BB25 /* MapViewModel.swift in Sources */,
				FA3B891B29D3875D0050C452 /* MapViewContainer.swift in Sources */,
				FA3B892629D520890050C452 /* SwipeableCardView.swift in Sources */,
			);
			runOnlyForDeploymentPostprocessing = 0;
		};
/* End PBXSourcesBuildPhase section */

/* Begin XCBuildConfiguration section */
		FA3C2ED1298E32BB00C5C99D /* Debug */ = {
			isa = XCBuildConfiguration;
			buildSettings = {
				ALWAYS_SEARCH_USER_PATHS = NO;
				CLANG_ANALYZER_NONNULL = YES;
				CLANG_ANALYZER_NUMBER_OBJECT_CONVERSION = YES_AGGRESSIVE;
				CLANG_CXX_LANGUAGE_STANDARD = "gnu++20";
				CLANG_ENABLE_MODULES = YES;
				CLANG_ENABLE_OBJC_ARC = YES;
				CLANG_ENABLE_OBJC_WEAK = YES;
				CLANG_WARN_BLOCK_CAPTURE_AUTORELEASING = YES;
				CLANG_WARN_BOOL_CONVERSION = YES;
				CLANG_WARN_COMMA = YES;
				CLANG_WARN_CONSTANT_CONVERSION = YES;
				CLANG_WARN_DEPRECATED_OBJC_IMPLEMENTATIONS = YES;
				CLANG_WARN_DIRECT_OBJC_ISA_USAGE = YES_ERROR;
				CLANG_WARN_DOCUMENTATION_COMMENTS = YES;
				CLANG_WARN_EMPTY_BODY = YES;
				CLANG_WARN_ENUM_CONVERSION = YES;
				CLANG_WARN_INFINITE_RECURSION = YES;
				CLANG_WARN_INT_CONVERSION = YES;
				CLANG_WARN_NON_LITERAL_NULL_CONVERSION = YES;
				CLANG_WARN_OBJC_IMPLICIT_RETAIN_SELF = YES;
				CLANG_WARN_OBJC_LITERAL_CONVERSION = YES;
				CLANG_WARN_OBJC_ROOT_CLASS = YES_ERROR;
				CLANG_WARN_QUOTED_INCLUDE_IN_FRAMEWORK_HEADER = YES;
				CLANG_WARN_RANGE_LOOP_ANALYSIS = YES;
				CLANG_WARN_STRICT_PROTOTYPES = YES;
				CLANG_WARN_SUSPICIOUS_MOVE = YES;
				CLANG_WARN_UNGUARDED_AVAILABILITY = YES_AGGRESSIVE;
				CLANG_WARN_UNREACHABLE_CODE = YES;
				CLANG_WARN__DUPLICATE_METHOD_MATCH = YES;
				COPY_PHASE_STRIP = NO;
				DEBUG_INFORMATION_FORMAT = dwarf;
				ENABLE_STRICT_OBJC_MSGSEND = YES;
				ENABLE_TESTABILITY = YES;
				GCC_C_LANGUAGE_STANDARD = gnu11;
				GCC_DYNAMIC_NO_PIC = NO;
				GCC_NO_COMMON_BLOCKS = YES;
				GCC_OPTIMIZATION_LEVEL = 0;
				GCC_PREPROCESSOR_DEFINITIONS = (
					"DEBUG=1",
					"$(inherited)",
				);
				GCC_WARN_64_TO_32_BIT_CONVERSION = YES;
				GCC_WARN_ABOUT_RETURN_TYPE = YES_ERROR;
				GCC_WARN_UNDECLARED_SELECTOR = YES;
				GCC_WARN_UNINITIALIZED_AUTOS = YES_AGGRESSIVE;
				GCC_WARN_UNUSED_FUNCTION = YES;
				GCC_WARN_UNUSED_VARIABLE = YES;
				MTL_ENABLE_DEBUG_INFO = INCLUDE_SOURCE;
				MTL_FAST_MATH = YES;
				ONLY_ACTIVE_ARCH = YES;
				SWIFT_ACTIVE_COMPILATION_CONDITIONS = DEBUG;
				SWIFT_OPTIMIZATION_LEVEL = "-Onone";
			};
			name = Debug;
		};
		FA3C2ED2298E32BB00C5C99D /* Release */ = {
			isa = XCBuildConfiguration;
			buildSettings = {
				ALWAYS_SEARCH_USER_PATHS = NO;
				CLANG_ANALYZER_NONNULL = YES;
				CLANG_ANALYZER_NUMBER_OBJECT_CONVERSION = YES_AGGRESSIVE;
				CLANG_CXX_LANGUAGE_STANDARD = "gnu++20";
				CLANG_ENABLE_MODULES = YES;
				CLANG_ENABLE_OBJC_ARC = YES;
				CLANG_ENABLE_OBJC_WEAK = YES;
				CLANG_WARN_BLOCK_CAPTURE_AUTORELEASING = YES;
				CLANG_WARN_BOOL_CONVERSION = YES;
				CLANG_WARN_COMMA = YES;
				CLANG_WARN_CONSTANT_CONVERSION = YES;
				CLANG_WARN_DEPRECATED_OBJC_IMPLEMENTATIONS = YES;
				CLANG_WARN_DIRECT_OBJC_ISA_USAGE = YES_ERROR;
				CLANG_WARN_DOCUMENTATION_COMMENTS = YES;
				CLANG_WARN_EMPTY_BODY = YES;
				CLANG_WARN_ENUM_CONVERSION = YES;
				CLANG_WARN_INFINITE_RECURSION = YES;
				CLANG_WARN_INT_CONVERSION = YES;
				CLANG_WARN_NON_LITERAL_NULL_CONVERSION = YES;
				CLANG_WARN_OBJC_IMPLICIT_RETAIN_SELF = YES;
				CLANG_WARN_OBJC_LITERAL_CONVERSION = YES;
				CLANG_WARN_OBJC_ROOT_CLASS = YES_ERROR;
				CLANG_WARN_QUOTED_INCLUDE_IN_FRAMEWORK_HEADER = YES;
				CLANG_WARN_RANGE_LOOP_ANALYSIS = YES;
				CLANG_WARN_STRICT_PROTOTYPES = YES;
				CLANG_WARN_SUSPICIOUS_MOVE = YES;
				CLANG_WARN_UNGUARDED_AVAILABILITY = YES_AGGRESSIVE;
				CLANG_WARN_UNREACHABLE_CODE = YES;
				CLANG_WARN__DUPLICATE_METHOD_MATCH = YES;
				COPY_PHASE_STRIP = NO;
				DEBUG_INFORMATION_FORMAT = "dwarf-with-dsym";
				ENABLE_NS_ASSERTIONS = NO;
				ENABLE_STRICT_OBJC_MSGSEND = YES;
				GCC_C_LANGUAGE_STANDARD = gnu11;
				GCC_NO_COMMON_BLOCKS = YES;
				GCC_WARN_64_TO_32_BIT_CONVERSION = YES;
				GCC_WARN_ABOUT_RETURN_TYPE = YES_ERROR;
				GCC_WARN_UNDECLARED_SELECTOR = YES;
				GCC_WARN_UNINITIALIZED_AUTOS = YES_AGGRESSIVE;
				GCC_WARN_UNUSED_FUNCTION = YES;
				GCC_WARN_UNUSED_VARIABLE = YES;
				MTL_ENABLE_DEBUG_INFO = NO;
				MTL_FAST_MATH = YES;
				SWIFT_COMPILATION_MODE = wholemodule;
				SWIFT_OPTIMIZATION_LEVEL = "-O";
			};
			name = Release;
		};
		FA3C2ED4298E32BB00C5C99D /* Debug */ = {
			isa = XCBuildConfiguration;
			buildSettings = {
				ASSETCATALOG_COMPILER_APPICON_NAME = AppIcon;
				ASSETCATALOG_COMPILER_GLOBAL_ACCENT_COLOR_NAME = AccentColor;
				CODE_SIGN_ENTITLEMENTS = MapKitTest/MapKitTest.entitlements;
				CODE_SIGN_STYLE = Automatic;
				CURRENT_PROJECT_VERSION = 1;
				DEVELOPMENT_ASSET_PATHS = "\"MapKitTest/Preview Content\"";
				DEVELOPMENT_TEAM = TBMU9UG97G;
				ENABLE_HARDENED_RUNTIME = YES;
				ENABLE_PREVIEWS = YES;
				GENERATE_INFOPLIST_FILE = YES;
				INFOPLIST_FILE = MapKitTest/Info.plist;
				INFOPLIST_KEY_NSLocationAlwaysUsageDescription = "Can we use your location?";
				INFOPLIST_KEY_NSLocationWhenInUseUsageDescription = "Can we use your location?";
				"INFOPLIST_KEY_UIApplicationSceneManifest_Generation[sdk=iphoneos*]" = YES;
				"INFOPLIST_KEY_UIApplicationSceneManifest_Generation[sdk=iphonesimulator*]" = YES;
				"INFOPLIST_KEY_UIApplicationSupportsIndirectInputEvents[sdk=iphoneos*]" = YES;
				"INFOPLIST_KEY_UIApplicationSupportsIndirectInputEvents[sdk=iphonesimulator*]" = YES;
				"INFOPLIST_KEY_UILaunchScreen_Generation[sdk=iphoneos*]" = YES;
				"INFOPLIST_KEY_UILaunchScreen_Generation[sdk=iphonesimulator*]" = YES;
				"INFOPLIST_KEY_UIStatusBarStyle[sdk=iphoneos*]" = UIStatusBarStyleDefault;
				"INFOPLIST_KEY_UIStatusBarStyle[sdk=iphonesimulator*]" = UIStatusBarStyleDefault;
				INFOPLIST_KEY_UISupportedInterfaceOrientations_iPad = "UIInterfaceOrientationPortrait UIInterfaceOrientationPortraitUpsideDown UIInterfaceOrientationLandscapeLeft UIInterfaceOrientationLandscapeRight";
				INFOPLIST_KEY_UISupportedInterfaceOrientations_iPhone = "UIInterfaceOrientationPortrait UIInterfaceOrientationLandscapeLeft UIInterfaceOrientationLandscapeRight";
				IPHONEOS_DEPLOYMENT_TARGET = 16.2;
				LD_RUNPATH_SEARCH_PATHS = "@executable_path/Frameworks";
				"LD_RUNPATH_SEARCH_PATHS[sdk=macosx*]" = "@executable_path/../Frameworks";
				MACOSX_DEPLOYMENT_TARGET = 12.6;
				MARKETING_VERSION = 1.0;
				PRODUCT_BUNDLE_IDENTIFIER = "com.Brick-Squad.MapKitTest";
				PRODUCT_NAME = "$(TARGET_NAME)";
				SDKROOT = auto;
				SUPPORTED_PLATFORMS = "iphoneos iphonesimulator macosx";
				SWIFT_EMIT_LOC_STRINGS = YES;
				SWIFT_VERSION = 5.0;
				TARGETED_DEVICE_FAMILY = "1,2";
			};
			name = Debug;
		};
		FA3C2ED5298E32BB00C5C99D /* Release */ = {
			isa = XCBuildConfiguration;
			buildSettings = {
				ASSETCATALOG_COMPILER_APPICON_NAME = AppIcon;
				ASSETCATALOG_COMPILER_GLOBAL_ACCENT_COLOR_NAME = AccentColor;
				CODE_SIGN_ENTITLEMENTS = MapKitTest/MapKitTest.entitlements;
				CODE_SIGN_STYLE = Automatic;
				CURRENT_PROJECT_VERSION = 1;
				DEVELOPMENT_ASSET_PATHS = "\"MapKitTest/Preview Content\"";
				DEVELOPMENT_TEAM = TBMU9UG97G;
				ENABLE_HARDENED_RUNTIME = YES;
				ENABLE_PREVIEWS = YES;
				GENERATE_INFOPLIST_FILE = YES;
				INFOPLIST_FILE = MapKitTest/Info.plist;
				INFOPLIST_KEY_NSLocationAlwaysUsageDescription = "Can we use your location?";
				INFOPLIST_KEY_NSLocationWhenInUseUsageDescription = "Can we use your location?";
				"INFOPLIST_KEY_UIApplicationSceneManifest_Generation[sdk=iphoneos*]" = YES;
				"INFOPLIST_KEY_UIApplicationSceneManifest_Generation[sdk=iphonesimulator*]" = YES;
				"INFOPLIST_KEY_UIApplicationSupportsIndirectInputEvents[sdk=iphoneos*]" = YES;
				"INFOPLIST_KEY_UIApplicationSupportsIndirectInputEvents[sdk=iphonesimulator*]" = YES;
				"INFOPLIST_KEY_UILaunchScreen_Generation[sdk=iphoneos*]" = YES;
				"INFOPLIST_KEY_UILaunchScreen_Generation[sdk=iphonesimulator*]" = YES;
				"INFOPLIST_KEY_UIStatusBarStyle[sdk=iphoneos*]" = UIStatusBarStyleDefault;
				"INFOPLIST_KEY_UIStatusBarStyle[sdk=iphonesimulator*]" = UIStatusBarStyleDefault;
				INFOPLIST_KEY_UISupportedInterfaceOrientations_iPad = "UIInterfaceOrientationPortrait UIInterfaceOrientationPortraitUpsideDown UIInterfaceOrientationLandscapeLeft UIInterfaceOrientationLandscapeRight";
				INFOPLIST_KEY_UISupportedInterfaceOrientations_iPhone = "UIInterfaceOrientationPortrait UIInterfaceOrientationLandscapeLeft UIInterfaceOrientationLandscapeRight";
				IPHONEOS_DEPLOYMENT_TARGET = 16.2;
				LD_RUNPATH_SEARCH_PATHS = "@executable_path/Frameworks";
				"LD_RUNPATH_SEARCH_PATHS[sdk=macosx*]" = "@executable_path/../Frameworks";
				MACOSX_DEPLOYMENT_TARGET = 12.6;
				MARKETING_VERSION = 1.0;
				PRODUCT_BUNDLE_IDENTIFIER = "com.Brick-Squad.MapKitTest";
				PRODUCT_NAME = "$(TARGET_NAME)";
				SDKROOT = auto;
				SUPPORTED_PLATFORMS = "iphoneos iphonesimulator macosx";
				SWIFT_EMIT_LOC_STRINGS = YES;
				SWIFT_VERSION = 5.0;
				TARGETED_DEVICE_FAMILY = "1,2";
			};
			name = Release;
		};
/* End XCBuildConfiguration section */

/* Begin XCConfigurationList section */
		FA3C2EBF298E32B900C5C99D /* Build configuration list for PBXProject "MapKitTest" */ = {
			isa = XCConfigurationList;
			buildConfigurations = (
				FA3C2ED1298E32BB00C5C99D /* Debug */,
				FA3C2ED2298E32BB00C5C99D /* Release */,
			);
			defaultConfigurationIsVisible = 0;
			defaultConfigurationName = Release;
		};
		FA3C2ED3298E32BB00C5C99D /* Build configuration list for PBXNativeTarget "MapKitTest" */ = {
			isa = XCConfigurationList;
			buildConfigurations = (
				FA3C2ED4298E32BB00C5C99D /* Debug */,
				FA3C2ED5298E32BB00C5C99D /* Release */,
			);
			defaultConfigurationIsVisible = 0;
			defaultConfigurationName = Release;
		};
/* End XCConfigurationList section */
	};
	rootObject = FA3C2EBC298E32B900C5C99D /* Project object */;
}
